
Microsoft Visual Studio Solution File, Format Version 12.00
# Visual Studio 2012
Project("{FAE04EC0-301F-11D3-BF4B-00C04F79EFBC}") = "MonitorAGV-QRCode", "MonitorAGV-QRCode\MonitorAGV-QRCode.csproj", "{CF779A24-D4C3-40C2-BC2B-0C0BA0C6B0EA}"
EndProject
Project("{FAE04EC0-301F-11D3-BF4B-00C04F79EFBC}") = "Canvas", "Canvas\Canvas.csproj", "{EEB3EDD5-F8E8-470B-BED3-415C2BAA0033}"
EndProject
Project("{FAE04EC0-301F-11D3-BF4B-00C04F79EFBC}") = "CommonTools", "CommonTools\CommonTools.csproj", "{2E8EA867-2BE9-4138-974B-A44EADBC522A}"
EndProject
Project("{FAE04EC0-301F-11D3-BF4B-00C04F79EFBC}") = "DAL", "DAL\DAL.csproj", "{AF380BC0-3E17-47C5-98EC-CC3A58CD6DB1}"
EndProject
Global
	GlobalSection(SolutionConfigurationPlatforms) = preSolution
		Debug|Any CPU = Debug|Any CPU
		Release|Any CPU = Release|Any CPU
	EndGlobalSection
	GlobalSection(ProjectConfigurationPlatforms) = postSolution
		{CF779A24-D4C3-40C2-BC2B-0C0BA0C6B0EA}.Debug|Any CPU.ActiveCfg = Debug|Any CPU
		{CF779A24-D4C3-40C2-BC2B-0C0BA0C6B0EA}.Debug|Any CPU.Build.0 = Debug|Any CPU
		{CF779A24-D4C3-40C2-BC2B-0C0BA0C6B0EA}.Release|Any CPU.ActiveCfg = Release|Any CPU
		{CF779A24-D4C3-40C2-BC2B-0C0BA0C6B0EA}.Release|Any CPU.Build.0 = Release|Any CPU
		{EEB3EDD5-F8E8-470B-BED3-415C2BAA0033}.Debug|Any CPU.ActiveCfg = Debug|Any CPU
		{EEB3EDD5-F8E8-470B-BED3-415C2BAA0033}.Debug|Any CPU.Build.0 = Debug|Any CPU
		{EEB3EDD5-F8E8-470B-BED3-415C2BAA0033}.Release|Any CPU.ActiveCfg = Release|Any CPU
		{EEB3EDD5-F8E8-470B-BED3-415C2BAA0033}.Release|Any CPU.Build.0 = Release|Any CPU
		{2E8EA867-2BE9-4138-974B-A44EADBC522A}.Debug|Any CPU.ActiveCfg = Debug|Any CPU
		{2E8EA867-2BE9-4138-974B-A44EADBC522A}.Debug|Any CPU.Build.0 = Debug|Any CPU
		{2E8EA867-2BE9-4138-974B-A44EADBC522A}.Release|Any CPU.ActiveCfg = Release|Any CPU
		{2E8EA867-2BE9-4138-974B-A44EADBC522A}.Release|Any CPU.Build.0 = Release|Any CPU
		{AF380BC0-3E17-47C5-98EC-CC3A58CD6DB1}.Debug|Any CPU.ActiveCfg = Debug|Any CPU
		{AF380BC0-3E17-47C5-98EC-CC3A58CD6DB1}.Debug|Any CPU.Build.0 = Debug|Any CPU
		{AF380BC0-3E17-47C5-98EC-CC3A58CD6DB1}.Release|Any CPU.ActiveCfg = Release|Any CPU
		{AF380BC0-3E17-47C5-98EC-CC3A58CD6DB1}.Release|Any CPU.Build.0 = Release|Any CPU
	EndGlobalSection
	GlobalSection(SolutionProperties) = preSolution
		HideSolutionNode = FALSE
	EndGlobalSection
EndGlobal
