
Microsoft Visual Studio Solution File, Format Version 12.00
# Visual Studio 2012
Project("{FAE04EC0-301F-11D3-BF4B-00C04F79EFBC}") = "EHSCARE_WMS", "EHSCARE_WMS\EHSCARE_WMS.csproj", "{8F289E57-C825-4339-A190-695E4A876435}"
EndProject
Global
	GlobalSection(SolutionConfigurationPlatforms) = preSolution
		Debug|Any CPU = Debug|Any CPU
		Release|Any CPU = Release|Any CPU
	EndGlobalSection
	GlobalSection(ProjectConfigurationPlatforms) = postSolution
		{8F289E57-C825-4339-A190-695E4A876435}.Debug|Any CPU.ActiveCfg = Debug|Any CPU
		{8F289E57-C825-4339-A190-695E4A876435}.Debug|Any CPU.Build.0 = Debug|Any CPU
		{8F289E57-C825-4339-A190-695E4A876435}.Release|Any CPU.ActiveCfg = Release|Any CPU
		{8F289E57-C825-4339-A190-695E4A876435}.Release|Any CPU.Build.0 = Release|Any CPU
	EndGlobalSection
	GlobalSection(SolutionProperties) = preSolution
		HideSolutionNode = FALSE
	EndGlobalSection
EndGlobal
